
Microsoft Visual Studio Solution File, Format Version 12.00
# Visual Studio Version 17
VisualStudioVersion = 17.9.34728.123
MinimumVisualStudioVersion = 10.0.40219.1
Project("{FAE04EC0-301F-11D3-BF4B-00C04F79EFBC}") = "Rock_Paper_Scissors", "Rock_Paper_Scissors\Rock_Paper_Scissors.csproj", "{9EFCE795-5FA7-444D-82F6-864C91D2ACA5}"
EndProject
Global
	GlobalSection(SolutionConfigurationPlatforms) = preSolution
		Debug|Any CPU = Debug|Any CPU
		Release|Any CPU = Release|Any CPU
	EndGlobalSection
	GlobalSection(ProjectConfigurationPlatforms) = postSolution
		{9EFCE795-5FA7-444D-82F6-864C91D2ACA5}.Debug|Any CPU.ActiveCfg = Debug|Any CPU
		{9EFCE795-5FA7-444D-82F6-864C91D2ACA5}.Debug|Any CPU.Build.0 = Debug|Any CPU
		{9EFCE795-5FA7-444D-82F6-864C91D2ACA5}.Release|Any CPU.ActiveCfg = Release|Any CPU
		{9EFCE795-5FA7-444D-82F6-864C91D2ACA5}.Release|Any CPU.Build.0 = Release|Any CPU
	EndGlobalSection
	GlobalSection(SolutionProperties) = preSolution
		HideSolutionNode = FALSE
	EndGlobalSection
	GlobalSection(ExtensibilityGlobals) = postSolution
		SolutionGuid = {4ECED14A-CD77-4B0E-99B1-6F9C0D15F33D}
	EndGlobalSection
EndGlobal
